// !$*UTF8*$!
{
	archiveVersion = 1;
	classes = {
	};
	objectVersion = 50;
	objects = {

/* Begin PBXBuildFile section */
		C59093642226D74100F55BEC /* AppDelegate.swift in Sources */ = {isa = PBXBuildFile; fileRef = C59093632226D74100F55BEC /* AppDelegate.swift */; };
		C59093662226D74100F55BEC /* ViewController.swift in Sources */ = {isa = PBXBuildFile; fileRef = C59093652226D74100F55BEC /* ViewController.swift */; };
		C59093692226D74100F55BEC /* Main.storyboard in Resources */ = {isa = PBXBuildFile; fileRef = C59093672226D74100F55BEC /* Main.storyboard */; };
		C590936C2226D74100F55BEC /* AssignmentOne.xcdatamodeld in Sources */ = {isa = PBXBuildFile; fileRef = C590936A2226D74100F55BEC /* AssignmentOne.xcdatamodeld */; };
		C590936E2226D74300F55BEC /* Assets.xcassets in Resources */ = {isa = PBXBuildFile; fileRef = C590936D2226D74300F55BEC /* Assets.xcassets */; };
		C59093712226D74300F55BEC /* LaunchScreen.storyboard in Resources */ = {isa = PBXBuildFile; fileRef = C590936F2226D74300F55BEC /* LaunchScreen.storyboard */; };
		C59093792226D96500F55BEC /* JsonStruct.swift in Sources */ = {isa = PBXBuildFile; fileRef = C59093782226D96500F55BEC /* JsonStruct.swift */; };
		C594D1C522355417007540A4 /* PersistenceService.swift in Sources */ = {isa = PBXBuildFile; fileRef = C594D1C422355417007540A4 /* PersistenceService.swift */; };
		C594D1C8223556A6007540A4 /* FavReport+CoreDataClass.swift in Sources */ = {isa = PBXBuildFile; fileRef = C594D1C6223556A6007540A4 /* FavReport+CoreDataClass.swift */; };
		C594D1C9223556A6007540A4 /* FavReport+CoreDataProperties.swift in Sources */ = {isa = PBXBuildFile; fileRef = C594D1C7223556A6007540A4 /* FavReport+CoreDataProperties.swift */; };
		C5957B65222FF98400299E1A /* ReportDetails.swift in Sources */ = {isa = PBXBuildFile; fileRef = C5957B64222FF98400299E1A /* ReportDetails.swift */; };
/* End PBXBuildFile section */

/* Begin PBXFileReference section */
		C59093602226D74100F55BEC /* AssignmentOne.app */ = {isa = PBXFileReference; explicitFileType = wrapper.application; includeInIndex = 0; path = AssignmentOne.app; sourceTree = BUILT_PRODUCTS_DIR; };
		C59093632226D74100F55BEC /* AppDelegate.swift */ = {isa = PBXFileReference; lastKnownFileType = sourcecode.swift; path = AppDelegate.swift; sourceTree = "<group>"; };
		C59093652226D74100F55BEC /* ViewController.swift */ = {isa = PBXFileReference; lastKnownFileType = sourcecode.swift; path = ViewController.swift; sourceTree = "<group>"; };
		C59093682226D74100F55BEC /* Base */ = {isa = PBXFileReference; lastKnownFileType = file.storyboard; name = Base; path = Base.lproj/Main.storyboard; sourceTree = "<group>"; };
		C590936B2226D74100F55BEC /* AssignmentOne.xcdatamodel */ = {isa = PBXFileReference; lastKnownFileType = wrapper.xcdatamodel; path = AssignmentOne.xcdatamodel; sourceTree = "<group>"; };
		C590936D2226D74300F55BEC /* Assets.xcassets */ = {isa = PBXFileReference; lastKnownFileType = folder.assetcatalog; path = Assets.xcassets; sourceTree = "<group>"; };
		C59093702226D74300F55BEC /* Base */ = {isa = PBXFileReference; lastKnownFileType = file.storyboard; name = Base; path = Base.lproj/LaunchScreen.storyboard; sourceTree = "<group>"; };
		C59093722226D74300F55BEC /* Info.plist */ = {isa = PBXFileReference; lastKnownFileType = text.plist.xml; path = Info.plist; sourceTree = "<group>"; };
		C59093782226D96500F55BEC /* JsonStruct.swift */ = {isa = PBXFileReference; lastKnownFileType = sourcecode.swift; path = JsonStruct.swift; sourceTree = "<group>"; };
		C594D1C422355417007540A4 /* PersistenceService.swift */ = {isa = PBXFileReference; lastKnownFileType = sourcecode.swift; path = PersistenceService.swift; sourceTree = "<group>"; };
		C594D1C6223556A6007540A4 /* FavReport+CoreDataClass.swift */ = {isa = PBXFileReference; lastKnownFileType = sourcecode.swift; path = "FavReport+CoreDataClass.swift"; sourceTree = "<group>"; };
		C594D1C7223556A6007540A4 /* FavReport+CoreDataProperties.swift */ = {isa = PBXFileReference; lastKnownFileType = sourcecode.swift; path = "FavReport+CoreDataProperties.swift"; sourceTree = "<group>"; };
		C5957B64222FF98400299E1A /* ReportDetails.swift */ = {isa = PBXFileReference; lastKnownFileType = sourcecode.swift; path = ReportDetails.swift; sourceTree = "<group>"; };
/* End PBXFileReference section */

/* Begin PBXFrameworksBuildPhase section */
		C590935D2226D74100F55BEC /* Frameworks */ = {
			isa = PBXFrameworksBuildPhase;
			buildActionMask = 2147483647;
			files = (
			);
			runOnlyForDeploymentPostprocessing = 0;
		};
/* End PBXFrameworksBuildPhase section */

/* Begin PBXGroup section */
		C59093572226D74100F55BEC = {
			isa = PBXGroup;
			children = (
				C59093622226D74100F55BEC /* AssignmentOne */,
				C59093612226D74100F55BEC /* Products */,
			);
			sourceTree = "<group>";
		};
		C59093612226D74100F55BEC /* Products */ = {
			isa = PBXGroup;
			children = (
				C59093602226D74100F55BEC /* AssignmentOne.app */,
			);
			name = Products;
			sourceTree = "<group>";
		};
		C59093622226D74100F55BEC /* AssignmentOne */ = {
			isa = PBXGroup;
			children = (
				C594D1C6223556A6007540A4 /* FavReport+CoreDataClass.swift */,
				C594D1C7223556A6007540A4 /* FavReport+CoreDataProperties.swift */,
				C59093632226D74100F55BEC /* AppDelegate.swift */,
				C594D1C422355417007540A4 /* PersistenceService.swift */,
				C59093652226D74100F55BEC /* ViewController.swift */,
				C5957B64222FF98400299E1A /* ReportDetails.swift */,
				C59093672226D74100F55BEC /* Main.storyboard */,
				C590936D2226D74300F55BEC /* Assets.xcassets */,
				C590936F2226D74300F55BEC /* LaunchScreen.storyboard */,
				C59093722226D74300F55BEC /* Info.plist */,
				C590936A2226D74100F55BEC /* AssignmentOne.xcdatamodeld */,
				C59093782226D96500F55BEC /* JsonStruct.swift */,
			);
			path = AssignmentOne;
			sourceTree = "<group>";
		};
/* End PBXGroup section */

/* Begin PBXNativeTarget section */
		C590935F2226D74100F55BEC /* AssignmentOne */ = {
			isa = PBXNativeTarget;
			buildConfigurationList = C59093752226D74300F55BEC /* Build configuration list for PBXNativeTarget "AssignmentOne" */;
			buildPhases = (
				C590935C2226D74100F55BEC /* Sources */,
				C590935D2226D74100F55BEC /* Frameworks */,
				C590935E2226D74100F55BEC /* Resources */,
			);
			buildRules = (
			);
			dependencies = (
			);
			name = AssignmentOne;
			productName = AssignmentOne;
			productReference = C59093602226D74100F55BEC /* AssignmentOne.app */;
			productType = "com.apple.product-type.application";
		};
/* End PBXNativeTarget section */

/* Begin PBXProject section */
		C59093582226D74100F55BEC /* Project object */ = {
			isa = PBXProject;
			attributes = {
				LastSwiftUpdateCheck = 1010;
				LastUpgradeCheck = 1010;
				ORGANIZATIONNAME = Jahan;
				TargetAttributes = {
					C590935F2226D74100F55BEC = {
						CreatedOnToolsVersion = 10.1;
					};
				};
			};
			buildConfigurationList = C590935B2226D74100F55BEC /* Build configuration list for PBXProject "AssignmentOne" */;
			compatibilityVersion = "Xcode 9.3";
			developmentRegion = en;
			hasScannedForEncodings = 0;
			knownRegions = (
				en,
				Base,
			);
			mainGroup = C59093572226D74100F55BEC;
			productRefGroup = C59093612226D74100F55BEC /* Products */;
			projectDirPath = "";
			projectRoot = "";
			targets = (
				C590935F2226D74100F55BEC /* AssignmentOne */,
			);
		};
/* End PBXProject section */

/* Begin PBXResourcesBuildPhase section */
		C590935E2226D74100F55BEC /* Resources */ = {
			isa = PBXResourcesBuildPhase;
			buildActionMask = 2147483647;
			files = (
				C59093712226D74300F55BEC /* LaunchScreen.storyboard in Resources */,
				C590936E2226D74300F55BEC /* Assets.xcassets in Resources */,
				C59093692226D74100F55BEC /* Main.storyboard in Resources */,
			);
			runOnlyForDeploymentPostprocessing = 0;
		};
/* End PBXResourcesBuildPhase section */

/* Begin PBXSourcesBuildPhase section */
		C590935C2226D74100F55BEC /* Sources */ = {
			isa = PBXSourcesBuildPhase;
			buildActionMask = 2147483647;
			files = (
				C59093792226D96500F55BEC /* JsonStruct.swift in Sources */,
				C594D1C8223556A6007540A4 /* FavReport+CoreDataClass.swift in Sources */,
				C594D1C522355417007540A4 /* PersistenceService.swift in Sources */,
				C59093662226D74100F55BEC /* ViewController.swift in Sources */,
				C590936C2226D74100F55BEC /* AssignmentOne.xcdatamodeld in Sources */,
				C594D1C9223556A6007540A4 /* FavReport+CoreDataProperties.swift in Sources */,
				C59093642226D74100F55BEC /* AppDelegate.swift in Sources */,
				C5957B65222FF98400299E1A /* ReportDetails.swift in Sources */,
			);
			runOnlyForDeploymentPostprocessing = 0;
		};
/* End PBXSourcesBuildPhase section */

/* Begin PBXVariantGroup section */
		C59093672226D74100F55BEC /* Main.storyboard */ = {
			isa = PBXVariantGroup;
			children = (
				C59093682226D74100F55BEC /* Base */,
			);
			name = Main.storyboard;
			sourceTree = "<group>";
		};
		C590936F2226D74300F55BEC /* LaunchScreen.storyboard */ = {
			isa = PBXVariantGroup;
			children = (
				C59093702226D74300F55BEC /* Base */,
			);
			name = LaunchScreen.storyboard;
			sourceTree = "<group>";
		};
/* End PBXVariantGroup section */

/* Begin XCBuildConfiguration section */
		C59093732226D74300F55BEC /* Debug */ = {
			isa = XCBuildConfiguration;
			buildSettings = {
				ALWAYS_SEARCH_USER_PATHS = NO;
				CLANG_ANALYZER_NONNULL = YES;
				CLANG_ANALYZER_NUMBER_OBJECT_CONVERSION = YES_AGGRESSIVE;
				CLANG_CXX_LANGUAGE_STANDARD = "gnu++14";
				CLANG_CXX_LIBRARY = "libc++";
				CLANG_ENABLE_MODULES = YES;
				CLANG_ENABLE_OBJC_ARC = YES;
				CLANG_ENABLE_OBJC_WEAK = YES;
				CLANG_WARN_BLOCK_CAPTURE_AUTORELEASING = YES;
				CLANG_WARN_BOOL_CONVERSION = YES;
				CLANG_WARN_COMMA = YES;
				CLANG_WARN_CONSTANT_CONVERSION = YES;
				CLANG_WARN_DEPRECATED_OBJC_IMPLEMENTATIONS = YES;
				CLANG_WARN_DIRECT_OBJC_ISA_USAGE = YES_ERROR;
				CLANG_WARN_DOCUMENTATION_COMMENTS = YES;
				CLANG_WARN_EMPTY_BODY = YES;
				CLANG_WARN_ENUM_CONVERSION = YES;
				CLANG_WARN_INFINITE_RECURSION = YES;
				CLANG_WARN_INT_CONVERSION = YES;
				CLANG_WARN_NON_LITERAL_NULL_CONVERSION = YES;
				CLANG_WARN_OBJC_IMPLICIT_RETAIN_SELF = YES;
				CLANG_WARN_OBJC_LITERAL_CONVERSION = YES;
				CLANG_WARN_OBJC_ROOT_CLASS = YES_ERROR;
				CLANG_WARN_RANGE_LOOP_ANALYSIS = YES;
				CLANG_WARN_STRICT_PROTOTYPES = YES;
				CLANG_WARN_SUSPICIOUS_MOVE = YES;
				CLANG_WARN_UNGUARDED_AVAILABILITY = YES_AGGRESSIVE;
				CLANG_WARN_UNREACHABLE_CODE = YES;
				CLANG_WARN__DUPLICATE_METHOD_MATCH = YES;
				CODE_SIGN_IDENTITY = "iPhone Developer";
				COPY_PHASE_STRIP = NO;
				DEBUG_INFORMATION_FORMAT = dwarf;
				ENABLE_STRICT_OBJC_MSGSEND = YES;
				ENABLE_TESTABILITY = YES;
				GCC_C_LANGUAGE_STANDARD = gnu11;
				GCC_DYNAMIC_NO_PIC = NO;
				GCC_NO_COMMON_BLOCKS = YES;
				GCC_OPTIMIZATION_LEVEL = 0;
				GCC_PREPROCESSOR_DEFINITIONS = (
					"DEBUG=1",
					"$(inherited)",
				);
				GCC_WARN_64_TO_32_BIT_CONVERSION = YES;
				GCC_WARN_ABOUT_RETURN_TYPE = YES_ERROR;
				GCC_WARN_UNDECLARED_SELECTOR = YES;
				GCC_WARN_UNINITIALIZED_AUTOS = YES_AGGRESSIVE;
				GCC_WARN_UNUSED_FUNCTION = YES;
				GCC_WARN_UNUSED_VARIABLE = YES;
				IPHONEOS_DEPLOYMENT_TARGET = 12.1;
				MTL_ENABLE_DEBUG_INFO = INCLUDE_SOURCE;
				MTL_FAST_MATH = YES;
				ONLY_ACTIVE_ARCH = YES;
				SDKROOT = iphoneos;
				SWIFT_ACTIVE_COMPILATION_CONDITIONS = DEBUG;
				SWIFT_OPTIMIZATION_LEVEL = "-Onone";
			};
			name = Debug;
		};
		C59093742226D74300F55BEC /* Release */ = {
			isa = XCBuildConfiguration;
			buildSettings = {
				ALWAYS_SEARCH_USER_PATHS = NO;
				CLANG_ANALYZER_NONNULL = YES;
				CLANG_ANALYZER_NUMBER_OBJECT_CONVERSION = YES_AGGRESSIVE;
				CLANG_CXX_LANGUAGE_STANDARD = "gnu++14";
				CLANG_CXX_LIBRARY = "libc++";
				CLANG_ENABLE_MODULES = YES;
				CLANG_ENABLE_OBJC_ARC = YES;
				CLANG_ENABLE_OBJC_WEAK = YES;
				CLANG_WARN_BLOCK_CAPTURE_AUTORELEASING = YES;
				CLANG_WARN_BOOL_CONVERSION = YES;
				CLANG_WARN_COMMA = YES;
				CLANG_WARN_CONSTANT_CONVERSION = YES;
				CLANG_WARN_DEPRECATED_OBJC_IMPLEMENTATIONS = YES;
				CLANG_WARN_DIRECT_OBJC_ISA_USAGE = YES_ERROR;
				CLANG_WARN_DOCUMENTATION_COMMENTS = YES;
				CLANG_WARN_EMPTY_BODY = YES;
				CLANG_WARN_ENUM_CONVERSION = YES;
				CLANG_WARN_INFINITE_RECURSION = YES;
				CLANG_WARN_INT_CONVERSION = YES;
				CLANG_WARN_NON_LITERAL_NULL_CONVERSION = YES;
				CLANG_WARN_OBJC_IMPLICIT_RETAIN_SELF = YES;
				CLANG_WARN_OBJC_LITERAL_CONVERSION = YES;
				CLANG_WARN_OBJC_ROOT_CLASS = YES_ERROR;
				CLANG_WARN_RANGE_LOOP_ANALYSIS = YES;
				CLANG_WARN_STRICT_PROTOTYPES = YES;
				CLANG_WARN_SUSPICIOUS_MOVE = YES;
				CLANG_WARN_UNGUARDED_AVAILABILITY = YES_AGGRESSIVE;
				CLANG_WARN_UNREACHABLE_CODE = YES;
				CLANG_WARN__DUPLICATE_METHOD_MATCH = YES;
				CODE_SIGN_IDENTITY = "iPhone Developer";
				COPY_PHASE_STRIP = NO;
				DEBUG_INFORMATION_FORMAT = "dwarf-with-dsym";
				ENABLE_NS_ASSERTIONS = NO;
				ENABLE_STRICT_OBJC_MSGSEND = YES;
				GCC_C_LANGUAGE_STANDARD = gnu11;
				GCC_NO_COMMON_BLOCKS = YES;
				GCC_WARN_64_TO_32_BIT_CONVERSION = YES;
				GCC_WARN_ABOUT_RETURN_TYPE = YES_ERROR;
				GCC_WARN_UNDECLARED_SELECTOR = YES;
				GCC_WARN_UNINITIALIZED_AUTOS = YES_AGGRESSIVE;
				GCC_WARN_UNUSED_FUNCTION = YES;
				GCC_WARN_UNUSED_VARIABLE = YES;
				IPHONEOS_DEPLOYMENT_TARGET = 12.1;
				MTL_ENABLE_DEBUG_INFO = NO;
				MTL_FAST_MATH = YES;
				SDKROOT = iphoneos;
				SWIFT_COMPILATION_MODE = wholemodule;
				SWIFT_OPTIMIZATION_LEVEL = "-O";
				VALIDATE_PRODUCT = YES;
			};
			name = Release;
		};
		C59093762226D74300F55BEC /* Debug */ = {
			isa = XCBuildConfiguration;
			buildSettings = {
				ASSETCATALOG_COMPILER_APPICON_NAME = AppIcon;
				CODE_SIGN_STYLE = Automatic;
				DEVELOPMENT_TEAM = RU34PNAM9U;
				INFOPLIST_FILE = AssignmentOne/Info.plist;
				LD_RUNPATH_SEARCH_PATHS = (
					"$(inherited)",
					"@executable_path/Frameworks",
				);
				PRODUCT_BUNDLE_IDENTIFIER = JSwift.AssignmentOne;
				PRODUCT_NAME = "$(TARGET_NAME)";
				SWIFT_VERSION = 4.2;
				TARGETED_DEVICE_FAMILY = "1,2";
			};
			name = Debug;
		};
		C59093772226D74300F55BEC /* Release */ = {
			isa = XCBuildConfiguration;
			buildSettings = {
				ASSETCATALOG_COMPILER_APPICON_NAME = AppIcon;
				CODE_SIGN_STYLE = Automatic;
				DEVELOPMENT_TEAM = RU34PNAM9U;
				INFOPLIST_FILE = AssignmentOne/Info.plist;
				LD_RUNPATH_SEARCH_PATHS = (
					"$(inherited)",
					"@executable_path/Frameworks",
				);
				PRODUCT_BUNDLE_IDENTIFIER = JSwift.AssignmentOne;
				PRODUCT_NAME = "$(TARGET_NAME)";
				SWIFT_VERSION = 4.2;
				TARGETED_DEVICE_FAMILY = "1,2";
			};
			name = Release;
		};
/* End XCBuildConfiguration section */

/* Begin XCConfigurationList section */
		C590935B2226D74100F55BEC /* Build configuration list for PBXProject "AssignmentOne" */ = {
			isa = XCConfigurationList;
			buildConfigurations = (
				C59093732226D74300F55BEC /* Debug */,
				C59093742226D74300F55BEC /* Release */,
			);
			defaultConfigurationIsVisible = 0;
			defaultConfigurationName = Release;
		};
		C59093752226D74300F55BEC /* Build configuration list for PBXNativeTarget "AssignmentOne" */ = {
			isa = XCConfigurationList;
			buildConfigurations = (
				C59093762226D74300F55BEC /* Debug */,
				C59093772226D74300F55BEC /* Release */,
			);
			defaultConfigurationIsVisible = 0;
			defaultConfigurationName = Release;
		};
/* End XCConfigurationList section */

/* Begin XCVersionGroup section */
		C590936A2226D74100F55BEC /* AssignmentOne.xcdatamodeld */ = {
			isa = XCVersionGroup;
			children = (
				C590936B2226D74100F55BEC /* AssignmentOne.xcdatamodel */,
			);
			currentVersion = C590936B2226D74100F55BEC /* AssignmentOne.xcdatamodel */;
			path = AssignmentOne.xcdatamodeld;
			sourceTree = "<group>";
			versionGroupType = wrapper.xcdatamodel;
		};
/* End XCVersionGroup section */
	};
	rootObject = C59093582226D74100F55BEC /* Project object */;
}
